// !$*UTF8*$!
{
	archiveVersion = 1;
	classes = {
	};
	objectVersion = 52;
	objects = {

/* Begin PBXBuildFile section */
		A177E4CD26D79727000C4179 /* PostEntity.swift in Sources */ = {isa = PBXBuildFile; fileRef = A177E4CC26D79727000C4179 /* PostEntity.swift */; };
		A177E4CF26D79796000C4179 /* UserEntity.swift in Sources */ = {isa = PBXBuildFile; fileRef = A177E4CE26D79796000C4179 /* UserEntity.swift */; };
		A177E4D426D79CA9000C4179 /* RequestManager.swift in Sources */ = {isa = PBXBuildFile; fileRef = A177E4D326D79CA9000C4179 /* RequestManager.swift */; };
		A177E4D726D79CFB000C4179 /* Request.swift in Sources */ = {isa = PBXBuildFile; fileRef = A177E4D626D79CFB000C4179 /* Request.swift */; };
		A177E4D926D79D80000C4179 /* UsersPostsRequest.swift in Sources */ = {isa = PBXBuildFile; fileRef = A177E4D826D79D80000C4179 /* UsersPostsRequest.swift */; };
		A177E4DD26D79DF3000C4179 /* UsersPostsResponse.swift in Sources */ = {isa = PBXBuildFile; fileRef = A177E4DC26D79DF3000C4179 /* UsersPostsResponse.swift */; };
		A177E4DF26D79DFE000C4179 /* Response.swift in Sources */ = {isa = PBXBuildFile; fileRef = A177E4DE26D79DFE000C4179 /* Response.swift */; };
		A177E4E226D7A213000C4179 /* Alamofire in Frameworks */ = {isa = PBXBuildFile; productRef = A177E4E126D7A213000C4179 /* Alamofire */; };
		A177E4E926D7AC4C000C4179 /* UserRepository.swift in Sources */ = {isa = PBXBuildFile; fileRef = A177E4E826D7AC4C000C4179 /* UserRepository.swift */; };
		A177E4EB26D7ACD2000C4179 /* UserDataSource.swift in Sources */ = {isa = PBXBuildFile; fileRef = A177E4EA26D7ACD2000C4179 /* UserDataSource.swift */; };
		A177E4ED26D7AE59000C4179 /* ReactiveUseCase.swift in Sources */ = {isa = PBXBuildFile; fileRef = A177E4EC26D7AE59000C4179 /* ReactiveUseCase.swift */; };
		A177E4EF26D7AEAB000C4179 /* FetchUsersPostsUseCase.swift in Sources */ = {isa = PBXBuildFile; fileRef = A177E4EE26D7AEAB000C4179 /* FetchUsersPostsUseCase.swift */; };
		A177E4F326D7AEF8000C4179 /* PostModel.swift in Sources */ = {isa = PBXBuildFile; fileRef = A177E4F226D7AEF8000C4179 /* PostModel.swift */; };
		A177E4F526D7AF06000C4179 /* UserModel.swift in Sources */ = {isa = PBXBuildFile; fileRef = A177E4F426D7AF06000C4179 /* UserModel.swift */; };
		A177E4F826D7AFE7000C4179 /* CachedDateFormatter.swift in Sources */ = {isa = PBXBuildFile; fileRef = A177E4F726D7AFE7000C4179 /* CachedDateFormatter.swift */; };
		A177E4FC26D7C4B7000C4179 /* UsersPostsViewController.swift in Sources */ = {isa = PBXBuildFile; fileRef = A177E4FB26D7C4B7000C4179 /* UsersPostsViewController.swift */; };
		A177E4FE26D7C4E6000C4179 /* UsersPostsView.swift in Sources */ = {isa = PBXBuildFile; fileRef = A177E4FD26D7C4E6000C4179 /* UsersPostsView.swift */; };
		A177E50126D7C552000C4179 /* SnapKit in Frameworks */ = {isa = PBXBuildFile; productRef = A177E50026D7C552000C4179 /* SnapKit */; };
		A177E50326D7C629000C4179 /* PostSceneModel.swift in Sources */ = {isa = PBXBuildFile; fileRef = A177E50226D7C629000C4179 /* PostSceneModel.swift */; };
		A177E50526D7C8E7000C4179 /* UserSceneModel.swift in Sources */ = {isa = PBXBuildFile; fileRef = A177E50426D7C8E7000C4179 /* UserSceneModel.swift */; };
		A177E50826D7C9F6000C4179 /* UsersPostsViewModel.swift in Sources */ = {isa = PBXBuildFile; fileRef = A177E50726D7C9F6000C4179 /* UsersPostsViewModel.swift */; };
		A177E50C26D7CF9F000C4179 /* Coordinator.swift in Sources */ = {isa = PBXBuildFile; fileRef = A177E50B26D7CF9F000C4179 /* Coordinator.swift */; };
		A177E50E26D7CFDF000C4179 /* AppCoordinator.swift in Sources */ = {isa = PBXBuildFile; fileRef = A177E50D26D7CFDF000C4179 /* AppCoordinator.swift */; };
		A177E51126D7D27F000C4179 /* Swinject in Frameworks */ = {isa = PBXBuildFile; productRef = A177E51026D7D27F000C4179 /* Swinject */; };
		A177E51426D7D337000C4179 /* DependencyInjection.swift in Sources */ = {isa = PBXBuildFile; fileRef = A177E51326D7D337000C4179 /* DependencyInjection.swift */; };
		A177E51626D7D4B1000C4179 /* Container+Extensions.swift in Sources */ = {isa = PBXBuildFile; fileRef = A177E51526D7D4B1000C4179 /* Container+Extensions.swift */; };
		A177E51926D7EB13000C4179 /* RxCocoa in Frameworks */ = {isa = PBXBuildFile; productRef = A177E51826D7EB13000C4179 /* RxCocoa */; };
		A177E51B26D7EB13000C4179 /* RxSwift in Frameworks */ = {isa = PBXBuildFile; productRef = A177E51A26D7EB13000C4179 /* RxSwift */; };
		A177E52026D80138000C4179 /* SinglePictureView.swift in Sources */ = {isa = PBXBuildFile; fileRef = A177E51F26D80138000C4179 /* SinglePictureView.swift */; };
		A177E52226D80156000C4179 /* DoublePictureView.swift in Sources */ = {isa = PBXBuildFile; fileRef = A177E52126D80156000C4179 /* DoublePictureView.swift */; };
		A177E52426D80164000C4179 /* TriplePictureView.swift in Sources */ = {isa = PBXBuildFile; fileRef = A177E52326D80164000C4179 /* TriplePictureView.swift */; };
		A177E52626D80173000C4179 /* NPicturesView.swift in Sources */ = {isa = PBXBuildFile; fileRef = A177E52526D80173000C4179 /* NPicturesView.swift */; };
		A177E52926D80C91000C4179 /* UITableView+Extensions.swift in Sources */ = {isa = PBXBuildFile; fileRef = A177E52826D80C91000C4179 /* UITableView+Extensions.swift */; };
		A177E52C26D81416000C4179 /* Kingfisher in Frameworks */ = {isa = PBXBuildFile; productRef = A177E52B26D81416000C4179 /* Kingfisher */; };
		A177E52F26D82629000C4179 /* PostHeaderView.swift in Sources */ = {isa = PBXBuildFile; fileRef = A177E52E26D82629000C4179 /* PostHeaderView.swift */; };
		A177E53326D82680000C4179 /* UIView+Extensions.swift in Sources */ = {isa = PBXBuildFile; fileRef = A177E53226D82680000C4179 /* UIView+Extensions.swift */; };
		A177E53526D826A4000C4179 /* UIStackView+Extensions.swift in Sources */ = {isa = PBXBuildFile; fileRef = A177E53426D826A4000C4179 /* UIStackView+Extensions.swift */; };
		A177E53926D8430D000C4179 /* UserPostTableViewCell.swift in Sources */ = {isa = PBXBuildFile; fileRef = A177E53826D8430D000C4179 /* UserPostTableViewCell.swift */; };
		A177E53B26D8455C000C4179 /* PostBodyView.swift in Sources */ = {isa = PBXBuildFile; fileRef = A177E53A26D8455C000C4179 /* PostBodyView.swift */; };
		A19A426B26D8B245000CEBA4 /* PostPictureView.swift in Sources */ = {isa = PBXBuildFile; fileRef = A19A426A26D8B245000CEBA4 /* PostPictureView.swift */; };
		A19D25EF26D9100F00B2CC6F /* RxSwift+ActivityIndicator.swift in Sources */ = {isa = PBXBuildFile; fileRef = A19D25EE26D9100F00B2CC6F /* RxSwift+ActivityIndicator.swift */; };
		A19D25F226D91E7000B2CC6F /* GeneralException.swift in Sources */ = {isa = PBXBuildFile; fileRef = A19D25F126D91E7000B2CC6F /* GeneralException.swift */; };
		A19D25F526D9322800B2CC6F /* CouchbaseLiteSwift in Frameworks */ = {isa = PBXBuildFile; productRef = A19D25F426D9322800B2CC6F /* CouchbaseLiteSwift */; };
		A19D25FA26D9352F00B2CC6F /* DatabaseManager.swift in Sources */ = {isa = PBXBuildFile; fileRef = A19D25F926D9352F00B2CC6F /* DatabaseManager.swift */; };
		A19D25FD26D9379F00B2CC6F /* CacheDataSource.swift in Sources */ = {isa = PBXBuildFile; fileRef = A19D25FC26D9379F00B2CC6F /* CacheDataSource.swift */; };
		A19D25FF26D937B300B2CC6F /* CacheRepository.swift in Sources */ = {isa = PBXBuildFile; fileRef = A19D25FE26D937B300B2CC6F /* CacheRepository.swift */; };
		A19D260826D95BDC00B2CC6F /* CachableEntity.swift in Sources */ = {isa = PBXBuildFile; fileRef = A19D260726D95BDC00B2CC6F /* CachableEntity.swift */; };
		A19D260A26D970FC00B2CC6F /* JSONObject.swift in Sources */ = {isa = PBXBuildFile; fileRef = A19D260926D970FB00B2CC6F /* JSONObject.swift */; };
		A19D260C26D973AF00B2CC6F /* JSONParseException.swift in Sources */ = {isa = PBXBuildFile; fileRef = A19D260B26D973AF00B2CC6F /* JSONParseException.swift */; };
		A19D260E26D9922F00B2CC6F /* UnknownException.swift in Sources */ = {isa = PBXBuildFile; fileRef = A19D260D26D9922E00B2CC6F /* UnknownException.swift */; };
		A1EC98EE26D74F7F0045CE42 /* AppDelegate.swift in Sources */ = {isa = PBXBuildFile; fileRef = A1EC98ED26D74F7F0045CE42 /* AppDelegate.swift */; };
		A1EC98F026D74F7F0045CE42 /* SceneDelegate.swift in Sources */ = {isa = PBXBuildFile; fileRef = A1EC98EF26D74F7F0045CE42 /* SceneDelegate.swift */; };
		A1EC98F726D74F820045CE42 /* Assets.xcassets in Resources */ = {isa = PBXBuildFile; fileRef = A1EC98F626D74F820045CE42 /* Assets.xcassets */; };
		A1EC98FA26D74F820045CE42 /* LaunchScreen.storyboard in Resources */ = {isa = PBXBuildFile; fileRef = A1EC98F826D74F820045CE42 /* LaunchScreen.storyboard */; };
/* End PBXBuildFile section */

/* Begin PBXFileReference section */
		A177E4CC26D79727000C4179 /* PostEntity.swift */ = {isa = PBXFileReference; lastKnownFileType = sourcecode.swift; path = PostEntity.swift; sourceTree = "<group>"; };
		A177E4CE26D79796000C4179 /* UserEntity.swift */ = {isa = PBXFileReference; lastKnownFileType = sourcecode.swift; path = UserEntity.swift; sourceTree = "<group>"; };
		A177E4D326D79CA9000C4179 /* RequestManager.swift */ = {isa = PBXFileReference; lastKnownFileType = sourcecode.swift; path = RequestManager.swift; sourceTree = "<group>"; };
		A177E4D626D79CFB000C4179 /* Request.swift */ = {isa = PBXFileReference; lastKnownFileType = sourcecode.swift; path = Request.swift; sourceTree = "<group>"; };
		A177E4D826D79D80000C4179 /* UsersPostsRequest.swift */ = {isa = PBXFileReference; lastKnownFileType = sourcecode.swift; path = UsersPostsRequest.swift; sourceTree = "<group>"; };
		A177E4DC26D79DF3000C4179 /* UsersPostsResponse.swift */ = {isa = PBXFileReference; lastKnownFileType = sourcecode.swift; path = UsersPostsResponse.swift; sourceTree = "<group>"; };
		A177E4DE26D79DFE000C4179 /* Response.swift */ = {isa = PBXFileReference; lastKnownFileType = sourcecode.swift; path = Response.swift; sourceTree = "<group>"; };
		A177E4E826D7AC4C000C4179 /* UserRepository.swift */ = {isa = PBXFileReference; lastKnownFileType = sourcecode.swift; path = UserRepository.swift; sourceTree = "<group>"; };
		A177E4EA26D7ACD2000C4179 /* UserDataSource.swift */ = {isa = PBXFileReference; lastKnownFileType = sourcecode.swift; path = UserDataSource.swift; sourceTree = "<group>"; };
		A177E4EC26D7AE59000C4179 /* ReactiveUseCase.swift */ = {isa = PBXFileReference; lastKnownFileType = sourcecode.swift; path = ReactiveUseCase.swift; sourceTree = "<group>"; };
		A177E4EE26D7AEAB000C4179 /* FetchUsersPostsUseCase.swift */ = {isa = PBXFileReference; lastKnownFileType = sourcecode.swift; path = FetchUsersPostsUseCase.swift; sourceTree = "<group>"; };
		A177E4F226D7AEF8000C4179 /* PostModel.swift */ = {isa = PBXFileReference; lastKnownFileType = sourcecode.swift; path = PostModel.swift; sourceTree = "<group>"; };
		A177E4F426D7AF06000C4179 /* UserModel.swift */ = {isa = PBXFileReference; lastKnownFileType = sourcecode.swift; path = UserModel.swift; sourceTree = "<group>"; };
		A177E4F726D7AFE7000C4179 /* CachedDateFormatter.swift */ = {isa = PBXFileReference; lastKnownFileType = sourcecode.swift; path = CachedDateFormatter.swift; sourceTree = "<group>"; };
		A177E4FB26D7C4B7000C4179 /* UsersPostsViewController.swift */ = {isa = PBXFileReference; lastKnownFileType = sourcecode.swift; path = UsersPostsViewController.swift; sourceTree = "<group>"; };
		A177E4FD26D7C4E6000C4179 /* UsersPostsView.swift */ = {isa = PBXFileReference; lastKnownFileType = sourcecode.swift; path = UsersPostsView.swift; sourceTree = "<group>"; };
		A177E50226D7C629000C4179 /* PostSceneModel.swift */ = {isa = PBXFileReference; lastKnownFileType = sourcecode.swift; path = PostSceneModel.swift; sourceTree = "<group>"; };
		A177E50426D7C8E7000C4179 /* UserSceneModel.swift */ = {isa = PBXFileReference; lastKnownFileType = sourcecode.swift; path = UserSceneModel.swift; sourceTree = "<group>"; };
		A177E50726D7C9F6000C4179 /* UsersPostsViewModel.swift */ = {isa = PBXFileReference; lastKnownFileType = sourcecode.swift; path = UsersPostsViewModel.swift; sourceTree = "<group>"; };
		A177E50B26D7CF9F000C4179 /* Coordinator.swift */ = {isa = PBXFileReference; lastKnownFileType = sourcecode.swift; path = Coordinator.swift; sourceTree = "<group>"; };
		A177E50D26D7CFDF000C4179 /* AppCoordinator.swift */ = {isa = PBXFileReference; lastKnownFileType = sourcecode.swift; path = AppCoordinator.swift; sourceTree = "<group>"; };
		A177E51326D7D337000C4179 /* DependencyInjection.swift */ = {isa = PBXFileReference; lastKnownFileType = sourcecode.swift; path = DependencyInjection.swift; sourceTree = "<group>"; };
		A177E51526D7D4B1000C4179 /* Container+Extensions.swift */ = {isa = PBXFileReference; lastKnownFileType = sourcecode.swift; path = "Container+Extensions.swift"; sourceTree = "<group>"; };
		A177E51F26D80138000C4179 /* SinglePictureView.swift */ = {isa = PBXFileReference; lastKnownFileType = sourcecode.swift; path = SinglePictureView.swift; sourceTree = "<group>"; };
		A177E52126D80156000C4179 /* DoublePictureView.swift */ = {isa = PBXFileReference; lastKnownFileType = sourcecode.swift; path = DoublePictureView.swift; sourceTree = "<group>"; };
		A177E52326D80164000C4179 /* TriplePictureView.swift */ = {isa = PBXFileReference; lastKnownFileType = sourcecode.swift; path = TriplePictureView.swift; sourceTree = "<group>"; };
		A177E52526D80173000C4179 /* NPicturesView.swift */ = {isa = PBXFileReference; lastKnownFileType = sourcecode.swift; path = NPicturesView.swift; sourceTree = "<group>"; };
		A177E52826D80C91000C4179 /* UITableView+Extensions.swift */ = {isa = PBXFileReference; lastKnownFileType = sourcecode.swift; path = "UITableView+Extensions.swift"; sourceTree = "<group>"; };
		A177E52E26D82629000C4179 /* PostHeaderView.swift */ = {isa = PBXFileReference; lastKnownFileType = sourcecode.swift; path = PostHeaderView.swift; sourceTree = "<group>"; };
		A177E53226D82680000C4179 /* UIView+Extensions.swift */ = {isa = PBXFileReference; lastKnownFileType = sourcecode.swift; path = "UIView+Extensions.swift"; sourceTree = "<group>"; };
		A177E53426D826A4000C4179 /* UIStackView+Extensions.swift */ = {isa = PBXFileReference; lastKnownFileType = sourcecode.swift; path = "UIStackView+Extensions.swift"; sourceTree = "<group>"; };
		A177E53826D8430D000C4179 /* UserPostTableViewCell.swift */ = {isa = PBXFileReference; lastKnownFileType = sourcecode.swift; path = UserPostTableViewCell.swift; sourceTree = "<group>"; };
		A177E53A26D8455C000C4179 /* PostBodyView.swift */ = {isa = PBXFileReference; lastKnownFileType = sourcecode.swift; path = PostBodyView.swift; sourceTree = "<group>"; };
		A19A426A26D8B245000CEBA4 /* PostPictureView.swift */ = {isa = PBXFileReference; lastKnownFileType = sourcecode.swift; path = PostPictureView.swift; sourceTree = "<group>"; };
		A19D25EE26D9100F00B2CC6F /* RxSwift+ActivityIndicator.swift */ = {isa = PBXFileReference; lastKnownFileType = sourcecode.swift; path = "RxSwift+ActivityIndicator.swift"; sourceTree = "<group>"; };
		A19D25F126D91E7000B2CC6F /* GeneralException.swift */ = {isa = PBXFileReference; lastKnownFileType = sourcecode.swift; path = GeneralException.swift; sourceTree = "<group>"; };
		A19D25F926D9352F00B2CC6F /* DatabaseManager.swift */ = {isa = PBXFileReference; lastKnownFileType = sourcecode.swift; path = DatabaseManager.swift; sourceTree = "<group>"; };
		A19D25FC26D9379F00B2CC6F /* CacheDataSource.swift */ = {isa = PBXFileReference; lastKnownFileType = sourcecode.swift; path = CacheDataSource.swift; sourceTree = "<group>"; };
		A19D25FE26D937B300B2CC6F /* CacheRepository.swift */ = {isa = PBXFileReference; lastKnownFileType = sourcecode.swift; path = CacheRepository.swift; sourceTree = "<group>"; };
		A19D260726D95BDC00B2CC6F /* CachableEntity.swift */ = {isa = PBXFileReference; lastKnownFileType = sourcecode.swift; path = CachableEntity.swift; sourceTree = "<group>"; };
		A19D260926D970FB00B2CC6F /* JSONObject.swift */ = {isa = PBXFileReference; lastKnownFileType = sourcecode.swift; path = JSONObject.swift; sourceTree = "<group>"; };
		A19D260B26D973AF00B2CC6F /* JSONParseException.swift */ = {isa = PBXFileReference; lastKnownFileType = sourcecode.swift; path = JSONParseException.swift; sourceTree = "<group>"; };
		A19D260D26D9922E00B2CC6F /* UnknownException.swift */ = {isa = PBXFileReference; lastKnownFileType = sourcecode.swift; path = UnknownException.swift; sourceTree = "<group>"; };
		A1EC98EA26D74F7F0045CE42 /* posts-library.app */ = {isa = PBXFileReference; explicitFileType = wrapper.application; includeInIndex = 0; path = "posts-library.app"; sourceTree = BUILT_PRODUCTS_DIR; };
		A1EC98ED26D74F7F0045CE42 /* AppDelegate.swift */ = {isa = PBXFileReference; lastKnownFileType = sourcecode.swift; path = AppDelegate.swift; sourceTree = "<group>"; };
		A1EC98EF26D74F7F0045CE42 /* SceneDelegate.swift */ = {isa = PBXFileReference; lastKnownFileType = sourcecode.swift; path = SceneDelegate.swift; sourceTree = "<group>"; };
		A1EC98F626D74F820045CE42 /* Assets.xcassets */ = {isa = PBXFileReference; lastKnownFileType = folder.assetcatalog; path = Assets.xcassets; sourceTree = "<group>"; };
		A1EC98F926D74F820045CE42 /* Base */ = {isa = PBXFileReference; lastKnownFileType = file.storyboard; name = Base; path = Base.lproj/LaunchScreen.storyboard; sourceTree = "<group>"; };
		A1EC98FB26D74F820045CE42 /* Info.plist */ = {isa = PBXFileReference; lastKnownFileType = text.plist.xml; path = Info.plist; sourceTree = "<group>"; };
/* End PBXFileReference section */

/* Begin PBXFrameworksBuildPhase section */
		A1EC98E726D74F7F0045CE42 /* Frameworks */ = {
			isa = PBXFrameworksBuildPhase;
			buildActionMask = 2147483647;
			files = (
				A177E52C26D81416000C4179 /* Kingfisher in Frameworks */,
				A177E50126D7C552000C4179 /* SnapKit in Frameworks */,
				A177E4E226D7A213000C4179 /* Alamofire in Frameworks */,
				A19D25F526D9322800B2CC6F /* CouchbaseLiteSwift in Frameworks */,
				A177E51B26D7EB13000C4179 /* RxSwift in Frameworks */,
				A177E51926D7EB13000C4179 /* RxCocoa in Frameworks */,
				A177E51126D7D27F000C4179 /* Swinject in Frameworks */,
			);
			runOnlyForDeploymentPostprocessing = 0;
		};
/* End PBXFrameworksBuildPhase section */

/* Begin PBXGroup section */
		A177E4CB26D79718000C4179 /* Entity */ = {
			isa = PBXGroup;
			children = (
				A177E4CC26D79727000C4179 /* PostEntity.swift */,
				A177E4CE26D79796000C4179 /* UserEntity.swift */,
				A19D260726D95BDC00B2CC6F /* CachableEntity.swift */,
			);
			path = Entity;
			sourceTree = "<group>";
		};
		A177E4E626D7ABF5000C4179 /* UserPosts */ = {
			isa = PBXGroup;
			children = (
				A177E4D826D79D80000C4179 /* UsersPostsRequest.swift */,
				A177E4DC26D79DF3000C4179 /* UsersPostsResponse.swift */,
			);
			path = UserPosts;
			sourceTree = "<group>";
		};
		A177E4E726D7AC3C000C4179 /* UserRepository */ = {
			isa = PBXGroup;
			children = (
				A177E4E626D7ABF5000C4179 /* UserPosts */,
				A177E4E826D7AC4C000C4179 /* UserRepository.swift */,
				A177E4EA26D7ACD2000C4179 /* UserDataSource.swift */,
			);
			path = UserRepository;
			sourceTree = "<group>";
		};
		A177E4F026D7AED7000C4179 /* Model */ = {
			isa = PBXGroup;
			children = (
				A177E4F226D7AEF8000C4179 /* PostModel.swift */,
				A177E4F426D7AF06000C4179 /* UserModel.swift */,
			);
			path = Model;
			sourceTree = "<group>";
		};
		A177E4F126D7AEDF000C4179 /* UseCase */ = {
			isa = PBXGroup;
			children = (
				A177E4EC26D7AE59000C4179 /* ReactiveUseCase.swift */,
				A177E4EE26D7AEAB000C4179 /* FetchUsersPostsUseCase.swift */,
			);
			path = UseCase;
			sourceTree = "<group>";
		};
		A177E4F626D7AFD5000C4179 /* Common */ = {
			isa = PBXGroup;
			children = (
				A19D25F926D9352F00B2CC6F /* DatabaseManager.swift */,
				A177E4F726D7AFE7000C4179 /* CachedDateFormatter.swift */,
				A19D260926D970FB00B2CC6F /* JSONObject.swift */,
			);
			path = Common;
			sourceTree = "<group>";
		};
		A177E4FA26D7C47D000C4179 /* UsersPostsScene */ = {
			isa = PBXGroup;
			children = (
				A177E51E26D80128000C4179 /* Cells */,
				A177E4FB26D7C4B7000C4179 /* UsersPostsViewController.swift */,
				A177E50726D7C9F6000C4179 /* UsersPostsViewModel.swift */,
				A177E4FD26D7C4E6000C4179 /* UsersPostsView.swift */,
			);
			path = UsersPostsScene;
			sourceTree = "<group>";
		};
		A177E50626D7C905000C4179 /* SceneModel */ = {
			isa = PBXGroup;
			children = (
				A177E50226D7C629000C4179 /* PostSceneModel.swift */,
				A177E50426D7C8E7000C4179 /* UserSceneModel.swift */,
			);
			path = SceneModel;
			sourceTree = "<group>";
		};
		A177E50926D7CDE5000C4179 /* Coordinator */ = {
			isa = PBXGroup;
			children = (
				A177E50B26D7CF9F000C4179 /* Coordinator.swift */,
				A177E50D26D7CFDF000C4179 /* AppCoordinator.swift */,
			);
			path = Coordinator;
			sourceTree = "<group>";
		};
		A177E51226D7D325000C4179 /* DI */ = {
			isa = PBXGroup;
			children = (
				A177E51326D7D337000C4179 /* DependencyInjection.swift */,
				A177E51526D7D4B1000C4179 /* Container+Extensions.swift */,
			);
			path = DI;
			sourceTree = "<group>";
		};
		A177E51E26D80128000C4179 /* Cells */ = {
			isa = PBXGroup;
			children = (
				A177E53826D8430D000C4179 /* UserPostTableViewCell.swift */,
				A177E52E26D82629000C4179 /* PostHeaderView.swift */,
				A177E53A26D8455C000C4179 /* PostBodyView.swift */,
				A19A426A26D8B245000CEBA4 /* PostPictureView.swift */,
				A177E51F26D80138000C4179 /* SinglePictureView.swift */,
				A177E52126D80156000C4179 /* DoublePictureView.swift */,
				A177E52326D80164000C4179 /* TriplePictureView.swift */,
				A177E52526D80173000C4179 /* NPicturesView.swift */,
			);
			path = Cells;
			sourceTree = "<group>";
		};
		A177E52726D80C6D000C4179 /* Extensions */ = {
			isa = PBXGroup;
			children = (
				A177E52826D80C91000C4179 /* UITableView+Extensions.swift */,
				A177E53226D82680000C4179 /* UIView+Extensions.swift */,
				A177E53426D826A4000C4179 /* UIStackView+Extensions.swift */,
				A19D25EE26D9100F00B2CC6F /* RxSwift+ActivityIndicator.swift */,
			);
			path = Extensions;
			sourceTree = "<group>";
		};
		A19D25F026D91E6500B2CC6F /* Exception */ = {
			isa = PBXGroup;
			children = (
				A19D25F126D91E7000B2CC6F /* GeneralException.swift */,
				A19D260B26D973AF00B2CC6F /* JSONParseException.swift */,
				A19D260D26D9922E00B2CC6F /* UnknownException.swift */,
			);
			path = Exception;
			sourceTree = "<group>";
		};
		A19D25FB26D9378B00B2CC6F /* CacheRepository */ = {
			isa = PBXGroup;
			children = (
				A19D25FE26D937B300B2CC6F /* CacheRepository.swift */,
				A19D25FC26D9379F00B2CC6F /* CacheDataSource.swift */,
			);
			path = CacheRepository;
			sourceTree = "<group>";
		};
		A1EC98E126D74F7F0045CE42 = {
			isa = PBXGroup;
			children = (
				A1EC98EC26D74F7F0045CE42 /* posts-library */,
				A1EC98EB26D74F7F0045CE42 /* Products */,
			);
			sourceTree = "<group>";
		};
		A1EC98EB26D74F7F0045CE42 /* Products */ = {
			isa = PBXGroup;
			children = (
				A1EC98EA26D74F7F0045CE42 /* posts-library.app */,
			);
			name = Products;
			sourceTree = "<group>";
		};
		A1EC98EC26D74F7F0045CE42 /* posts-library */ = {
			isa = PBXGroup;
			children = (
				A177E51226D7D325000C4179 /* DI */,
				A177E50926D7CDE5000C4179 /* Coordinator */,
				A177E4F626D7AFD5000C4179 /* Common */,
				A1EC990426D751FC0045CE42 /* Networking */,
				A1EC990326D74FC40045CE42 /* Presentation */,
				A1EC990226D74FBF0045CE42 /* Domain */,
				A1EC990126D74FBA0045CE42 /* Data */,
				A1EC98ED26D74F7F0045CE42 /* AppDelegate.swift */,
				A1EC98EF26D74F7F0045CE42 /* SceneDelegate.swift */,
				A1EC98F626D74F820045CE42 /* Assets.xcassets */,
				A1EC98F826D74F820045CE42 /* LaunchScreen.storyboard */,
				A1EC98FB26D74F820045CE42 /* Info.plist */,
			);
			path = "posts-library";
			sourceTree = "<group>";
		};
		A1EC990126D74FBA0045CE42 /* Data */ = {
			isa = PBXGroup;
			children = (
				A19D25F026D91E6500B2CC6F /* Exception */,
				A177E4CB26D79718000C4179 /* Entity */,
				A19D25FB26D9378B00B2CC6F /* CacheRepository */,
				A177E4E726D7AC3C000C4179 /* UserRepository */,
			);
			path = Data;
			sourceTree = "<group>";
		};
		A1EC990226D74FBF0045CE42 /* Domain */ = {
			isa = PBXGroup;
			children = (
				A177E4F126D7AEDF000C4179 /* UseCase */,
				A177E4F026D7AED7000C4179 /* Model */,
			);
			path = Domain;
			sourceTree = "<group>";
		};
		A1EC990326D74FC40045CE42 /* Presentation */ = {
			isa = PBXGroup;
			children = (
				A177E4FA26D7C47D000C4179 /* UsersPostsScene */,
				A177E50626D7C905000C4179 /* SceneModel */,
				A177E52726D80C6D000C4179 /* Extensions */,
			);
			path = Presentation;
			sourceTree = "<group>";
		};
		A1EC990426D751FC0045CE42 /* Networking */ = {
			isa = PBXGroup;
			children = (
				A177E4DE26D79DFE000C4179 /* Response.swift */,
				A177E4D626D79CFB000C4179 /* Request.swift */,
				A177E4D326D79CA9000C4179 /* RequestManager.swift */,
			);
			path = Networking;
			sourceTree = "<group>";
		};
/* End PBXGroup section */

/* Begin PBXNativeTarget section */
		A1EC98E926D74F7F0045CE42 /* posts-library */ = {
			isa = PBXNativeTarget;
			buildConfigurationList = A1EC98FE26D74F820045CE42 /* Build configuration list for PBXNativeTarget "posts-library" */;
			buildPhases = (
				A1EC98E626D74F7F0045CE42 /* Sources */,
				A1EC98E726D74F7F0045CE42 /* Frameworks */,
				A1EC98E826D74F7F0045CE42 /* Resources */,
			);
			buildRules = (
			);
			dependencies = (
			);
			name = "posts-library";
			packageProductDependencies = (
				A177E4E126D7A213000C4179 /* Alamofire */,
				A177E50026D7C552000C4179 /* SnapKit */,
				A177E51026D7D27F000C4179 /* Swinject */,
				A177E51826D7EB13000C4179 /* RxCocoa */,
				A177E51A26D7EB13000C4179 /* RxSwift */,
				A177E52B26D81416000C4179 /* Kingfisher */,
				A19D25F426D9322800B2CC6F /* CouchbaseLiteSwift */,
			);
			productName = "posts-library";
			productReference = A1EC98EA26D74F7F0045CE42 /* posts-library.app */;
			productType = "com.apple.product-type.application";
		};
/* End PBXNativeTarget section */

/* Begin PBXProject section */
		A1EC98E226D74F7F0045CE42 /* Project object */ = {
			isa = PBXProject;
			attributes = {
				LastSwiftUpdateCheck = 1250;
				LastUpgradeCheck = 1250;
				TargetAttributes = {
					A1EC98E926D74F7F0045CE42 = {
						CreatedOnToolsVersion = 12.5.1;
					};
				};
			};
			buildConfigurationList = A1EC98E526D74F7F0045CE42 /* Build configuration list for PBXProject "posts-library" */;
			compatibilityVersion = "Xcode 9.3";
			developmentRegion = en;
			hasScannedForEncodings = 0;
			knownRegions = (
				en,
				Base,
			);
			mainGroup = A1EC98E126D74F7F0045CE42;
			packageReferences = (
				A177E4E026D7A213000C4179 /* XCRemoteSwiftPackageReference "Alamofire" */,
				A177E4FF26D7C552000C4179 /* XCRemoteSwiftPackageReference "SnapKit" */,
				A177E50F26D7D27F000C4179 /* XCRemoteSwiftPackageReference "Swinject" */,
				A177E51726D7EB13000C4179 /* XCRemoteSwiftPackageReference "RxSwift" */,
				A177E52A26D81416000C4179 /* XCRemoteSwiftPackageReference "Kingfisher" */,
				A19D25F326D9322800B2CC6F /* XCRemoteSwiftPackageReference "couchbase-lite-ios" */,
			);
			productRefGroup = A1EC98EB26D74F7F0045CE42 /* Products */;
			projectDirPath = "";
			projectRoot = "";
			targets = (
				A1EC98E926D74F7F0045CE42 /* posts-library */,
			);
		};
/* End PBXProject section */

/* Begin PBXResourcesBuildPhase section */
		A1EC98E826D74F7F0045CE42 /* Resources */ = {
			isa = PBXResourcesBuildPhase;
			buildActionMask = 2147483647;
			files = (
				A1EC98FA26D74F820045CE42 /* LaunchScreen.storyboard in Resources */,
				A1EC98F726D74F820045CE42 /* Assets.xcassets in Resources */,
			);
			runOnlyForDeploymentPostprocessing = 0;
		};
/* End PBXResourcesBuildPhase section */

/* Begin PBXSourcesBuildPhase section */
		A1EC98E626D74F7F0045CE42 /* Sources */ = {
			isa = PBXSourcesBuildPhase;
			buildActionMask = 2147483647;
			files = (
				A177E4E926D7AC4C000C4179 /* UserRepository.swift in Sources */,
				A19D260E26D9922F00B2CC6F /* UnknownException.swift in Sources */,
				A19A426B26D8B245000CEBA4 /* PostPictureView.swift in Sources */,
				A177E52426D80164000C4179 /* TriplePictureView.swift in Sources */,
				A177E50826D7C9F6000C4179 /* UsersPostsViewModel.swift in Sources */,
				A177E4EF26D7AEAB000C4179 /* FetchUsersPostsUseCase.swift in Sources */,
				A177E51626D7D4B1000C4179 /* Container+Extensions.swift in Sources */,
				A177E52626D80173000C4179 /* NPicturesView.swift in Sources */,
				A177E53926D8430D000C4179 /* UserPostTableViewCell.swift in Sources */,
				A19D25FD26D9379F00B2CC6F /* CacheDataSource.swift in Sources */,
				A1EC98EE26D74F7F0045CE42 /* AppDelegate.swift in Sources */,
				A177E53526D826A4000C4179 /* UIStackView+Extensions.swift in Sources */,
				A177E4F326D7AEF8000C4179 /* PostModel.swift in Sources */,
				A177E4CF26D79796000C4179 /* UserEntity.swift in Sources */,
				A177E50E26D7CFDF000C4179 /* AppCoordinator.swift in Sources */,
				A19D25F226D91E7000B2CC6F /* GeneralException.swift in Sources */,
				A177E52926D80C91000C4179 /* UITableView+Extensions.swift in Sources */,
				A177E50C26D7CF9F000C4179 /* Coordinator.swift in Sources */,
				A177E52226D80156000C4179 /* DoublePictureView.swift in Sources */,
				A177E4FE26D7C4E6000C4179 /* UsersPostsView.swift in Sources */,
				A177E53B26D8455C000C4179 /* PostBodyView.swift in Sources */,
				A177E52F26D82629000C4179 /* PostHeaderView.swift in Sources */,
				A177E4DD26D79DF3000C4179 /* UsersPostsResponse.swift in Sources */,
				A177E4EB26D7ACD2000C4179 /* UserDataSource.swift in Sources */,
				A177E4D426D79CA9000C4179 /* RequestManager.swift in Sources */,
				A177E4D926D79D80000C4179 /* UsersPostsRequest.swift in Sources */,
				A177E4DF26D79DFE000C4179 /* Response.swift in Sources */,
				A177E51426D7D337000C4179 /* DependencyInjection.swift in Sources */,
				A177E53326D82680000C4179 /* UIView+Extensions.swift in Sources */,
				A177E4D726D79CFB000C4179 /* Request.swift in Sources */,
				A177E4ED26D7AE59000C4179 /* ReactiveUseCase.swift in Sources */,
				A177E50526D7C8E7000C4179 /* UserSceneModel.swift in Sources */,
				A177E52026D80138000C4179 /* SinglePictureView.swift in Sources */,
				A177E4CD26D79727000C4179 /* PostEntity.swift in Sources */,
				A177E4F526D7AF06000C4179 /* UserModel.swift in Sources */,
				A177E4FC26D7C4B7000C4179 /* UsersPostsViewController.swift in Sources */,
				A19D260A26D970FC00B2CC6F /* JSONObject.swift in Sources */,
				A19D25FF26D937B300B2CC6F /* CacheRepository.swift in Sources */,
				A19D25FA26D9352F00B2CC6F /* DatabaseManager.swift in Sources */,
				A177E4F826D7AFE7000C4179 /* CachedDateFormatter.swift in Sources */,
				A19D260C26D973AF00B2CC6F /* JSONParseException.swift in Sources */,
				A19D25EF26D9100F00B2CC6F /* RxSwift+ActivityIndicator.swift in Sources */,
				A1EC98F026D74F7F0045CE42 /* SceneDelegate.swift in Sources */,
				A177E50326D7C629000C4179 /* PostSceneModel.swift in Sources */,
				A19D260826D95BDC00B2CC6F /* CachableEntity.swift in Sources */,
			);
			runOnlyForDeploymentPostprocessing = 0;
		};
/* End PBXSourcesBuildPhase section */

/* Begin PBXVariantGroup section */
		A1EC98F826D74F820045CE42 /* LaunchScreen.storyboard */ = {
			isa = PBXVariantGroup;
			children = (
				A1EC98F926D74F820045CE42 /* Base */,
			);
			name = LaunchScreen.storyboard;
			sourceTree = "<group>";
		};
/* End PBXVariantGroup section */

/* Begin XCBuildConfiguration section */
		A1EC98FC26D74F820045CE42 /* Debug */ = {
			isa = XCBuildConfiguration;
			buildSettings = {
				ALWAYS_SEARCH_USER_PATHS = NO;
				CLANG_ANALYZER_NONNULL = YES;
				CLANG_ANALYZER_NUMBER_OBJECT_CONVERSION = YES_AGGRESSIVE;
				CLANG_CXX_LANGUAGE_STANDARD = "gnu++14";
				CLANG_CXX_LIBRARY = "libc++";
				CLANG_ENABLE_MODULES = YES;
				CLANG_ENABLE_OBJC_ARC = YES;
				CLANG_ENABLE_OBJC_WEAK = YES;
				CLANG_WARN_BLOCK_CAPTURE_AUTORELEASING = YES;
				CLANG_WARN_BOOL_CONVERSION = YES;
				CLANG_WARN_COMMA = YES;
				CLANG_WARN_CONSTANT_CONVERSION = YES;
				CLANG_WARN_DEPRECATED_OBJC_IMPLEMENTATIONS = YES;
				CLANG_WARN_DIRECT_OBJC_ISA_USAGE = YES_ERROR;
				CLANG_WARN_DOCUMENTATION_COMMENTS = YES;
				CLANG_WARN_EMPTY_BODY = YES;
				CLANG_WARN_ENUM_CONVERSION = YES;
				CLANG_WARN_INFINITE_RECURSION = YES;
				CLANG_WARN_INT_CONVERSION = YES;
				CLANG_WARN_NON_LITERAL_NULL_CONVERSION = YES;
				CLANG_WARN_OBJC_IMPLICIT_RETAIN_SELF = YES;
				CLANG_WARN_OBJC_LITERAL_CONVERSION = YES;
				CLANG_WARN_OBJC_ROOT_CLASS = YES_ERROR;
				CLANG_WARN_QUOTED_INCLUDE_IN_FRAMEWORK_HEADER = YES;
				CLANG_WARN_RANGE_LOOP_ANALYSIS = YES;
				CLANG_WARN_STRICT_PROTOTYPES = YES;
				CLANG_WARN_SUSPICIOUS_MOVE = YES;
				CLANG_WARN_UNGUARDED_AVAILABILITY = YES_AGGRESSIVE;
				CLANG_WARN_UNREACHABLE_CODE = YES;
				CLANG_WARN__DUPLICATE_METHOD_MATCH = YES;
				COPY_PHASE_STRIP = NO;
				DEBUG_INFORMATION_FORMAT = dwarf;
				ENABLE_STRICT_OBJC_MSGSEND = YES;
				ENABLE_TESTABILITY = YES;
				GCC_C_LANGUAGE_STANDARD = gnu11;
				GCC_DYNAMIC_NO_PIC = NO;
				GCC_NO_COMMON_BLOCKS = YES;
				GCC_OPTIMIZATION_LEVEL = 0;
				GCC_PREPROCESSOR_DEFINITIONS = (
					"DEBUG=1",
					"$(inherited)",
				);
				GCC_WARN_64_TO_32_BIT_CONVERSION = YES;
				GCC_WARN_ABOUT_RETURN_TYPE = YES_ERROR;
				GCC_WARN_UNDECLARED_SELECTOR = YES;
				GCC_WARN_UNINITIALIZED_AUTOS = YES_AGGRESSIVE;
				GCC_WARN_UNUSED_FUNCTION = YES;
				GCC_WARN_UNUSED_VARIABLE = YES;
				IPHONEOS_DEPLOYMENT_TARGET = 14.5;
				MTL_ENABLE_DEBUG_INFO = INCLUDE_SOURCE;
				MTL_FAST_MATH = YES;
				ONLY_ACTIVE_ARCH = YES;
				SDKROOT = iphoneos;
				SWIFT_ACTIVE_COMPILATION_CONDITIONS = DEBUG;
				SWIFT_OPTIMIZATION_LEVEL = "-Onone";
			};
			name = Debug;
		};
		A1EC98FD26D74F820045CE42 /* Release */ = {
			isa = XCBuildConfiguration;
			buildSettings = {
				ALWAYS_SEARCH_USER_PATHS = NO;
				CLANG_ANALYZER_NONNULL = YES;
				CLANG_ANALYZER_NUMBER_OBJECT_CONVERSION = YES_AGGRESSIVE;
				CLANG_CXX_LANGUAGE_STANDARD = "gnu++14";
				CLANG_CXX_LIBRARY = "libc++";
				CLANG_ENABLE_MODULES = YES;
				CLANG_ENABLE_OBJC_ARC = YES;
				CLANG_ENABLE_OBJC_WEAK = YES;
				CLANG_WARN_BLOCK_CAPTURE_AUTORELEASING = YES;
				CLANG_WARN_BOOL_CONVERSION = YES;
				CLANG_WARN_COMMA = YES;
				CLANG_WARN_CONSTANT_CONVERSION = YES;
				CLANG_WARN_DEPRECATED_OBJC_IMPLEMENTATIONS = YES;
				CLANG_WARN_DIRECT_OBJC_ISA_USAGE = YES_ERROR;
				CLANG_WARN_DOCUMENTATION_COMMENTS = YES;
				CLANG_WARN_EMPTY_BODY = YES;
				CLANG_WARN_ENUM_CONVERSION = YES;
				CLANG_WARN_INFINITE_RECURSION = YES;
				CLANG_WARN_INT_CONVERSION = YES;
				CLANG_WARN_NON_LITERAL_NULL_CONVERSION = YES;
				CLANG_WARN_OBJC_IMPLICIT_RETAIN_SELF = YES;
				CLANG_WARN_OBJC_LITERAL_CONVERSION = YES;
				CLANG_WARN_OBJC_ROOT_CLASS = YES_ERROR;
				CLANG_WARN_QUOTED_INCLUDE_IN_FRAMEWORK_HEADER = YES;
				CLANG_WARN_RANGE_LOOP_ANALYSIS = YES;
				CLANG_WARN_STRICT_PROTOTYPES = YES;
				CLANG_WARN_SUSPICIOUS_MOVE = YES;
				CLANG_WARN_UNGUARDED_AVAILABILITY = YES_AGGRESSIVE;
				CLANG_WARN_UNREACHABLE_CODE = YES;
				CLANG_WARN__DUPLICATE_METHOD_MATCH = YES;
				COPY_PHASE_STRIP = NO;
				DEBUG_INFORMATION_FORMAT = "dwarf-with-dsym";
				ENABLE_NS_ASSERTIONS = NO;
				ENABLE_STRICT_OBJC_MSGSEND = YES;
				GCC_C_LANGUAGE_STANDARD = gnu11;
				GCC_NO_COMMON_BLOCKS = YES;
				GCC_WARN_64_TO_32_BIT_CONVERSION = YES;
				GCC_WARN_ABOUT_RETURN_TYPE = YES_ERROR;
				GCC_WARN_UNDECLARED_SELECTOR = YES;
				GCC_WARN_UNINITIALIZED_AUTOS = YES_AGGRESSIVE;
				GCC_WARN_UNUSED_FUNCTION = YES;
				GCC_WARN_UNUSED_VARIABLE = YES;
				IPHONEOS_DEPLOYMENT_TARGET = 14.5;
				MTL_ENABLE_DEBUG_INFO = NO;
				MTL_FAST_MATH = YES;
				SDKROOT = iphoneos;
				SWIFT_COMPILATION_MODE = wholemodule;
				SWIFT_OPTIMIZATION_LEVEL = "-O";
				VALIDATE_PRODUCT = YES;
			};
			name = Release;
		};
		A1EC98FF26D74F820045CE42 /* Debug */ = {
			isa = XCBuildConfiguration;
			buildSettings = {
				ASSETCATALOG_COMPILER_APPICON_NAME = AppIcon;
				ASSETCATALOG_COMPILER_GLOBAL_ACCENT_COLOR_NAME = AccentColor;
				CODE_SIGN_STYLE = Automatic;
				INFOPLIST_FILE = "posts-library/Info.plist";
				LD_RUNPATH_SEARCH_PATHS = (
					"$(inherited)",
					"@executable_path/Frameworks",
				);
				PRODUCT_BUNDLE_IDENTIFIER = "phoenix.posts-library";
				PRODUCT_NAME = "$(TARGET_NAME)";
				SWIFT_VERSION = 5.0;
				TARGETED_DEVICE_FAMILY = "1,2";
			};
			name = Debug;
		};
		A1EC990026D74F820045CE42 /* Release */ = {
			isa = XCBuildConfiguration;
			buildSettings = {
				ASSETCATALOG_COMPILER_APPICON_NAME = AppIcon;
				ASSETCATALOG_COMPILER_GLOBAL_ACCENT_COLOR_NAME = AccentColor;
				CODE_SIGN_STYLE = Automatic;
				INFOPLIST_FILE = "posts-library/Info.plist";
				LD_RUNPATH_SEARCH_PATHS = (
					"$(inherited)",
					"@executable_path/Frameworks",
				);
				PRODUCT_BUNDLE_IDENTIFIER = "phoenix.posts-library";
				PRODUCT_NAME = "$(TARGET_NAME)";
				SWIFT_VERSION = 5.0;
				TARGETED_DEVICE_FAMILY = "1,2";
			};
			name = Release;
		};
/* End XCBuildConfiguration section */

/* Begin XCConfigurationList section */
		A1EC98E526D74F7F0045CE42 /* Build configuration list for PBXProject "posts-library" */ = {
			isa = XCConfigurationList;
			buildConfigurations = (
				A1EC98FC26D74F820045CE42 /* Debug */,
				A1EC98FD26D74F820045CE42 /* Release */,
			);
			defaultConfigurationIsVisible = 0;
			defaultConfigurationName = Release;
		};
		A1EC98FE26D74F820045CE42 /* Build configuration list for PBXNativeTarget "posts-library" */ = {
			isa = XCConfigurationList;
			buildConfigurations = (
				A1EC98FF26D74F820045CE42 /* Debug */,
				A1EC990026D74F820045CE42 /* Release */,
			);
			defaultConfigurationIsVisible = 0;
			defaultConfigurationName = Release;
		};
/* End XCConfigurationList section */

/* Begin XCRemoteSwiftPackageReference section */
		A177E4E026D7A213000C4179 /* XCRemoteSwiftPackageReference "Alamofire" */ = {
			isa = XCRemoteSwiftPackageReference;
			repositoryURL = "https://github.com/Alamofire/Alamofire.git";
			requirement = {
				kind = upToNextMajorVersion;
				minimumVersion = 5.4.0;
			};
		};
		A177E4FF26D7C552000C4179 /* XCRemoteSwiftPackageReference "SnapKit" */ = {
			isa = XCRemoteSwiftPackageReference;
			repositoryURL = "https://github.com/SnapKit/SnapKit.git";
			requirement = {
				kind = upToNextMajorVersion;
				minimumVersion = 5.0.1;
			};
		};
		A177E50F26D7D27F000C4179 /* XCRemoteSwiftPackageReference "Swinject" */ = {
			isa = XCRemoteSwiftPackageReference;
			repositoryURL = "https://github.com/Swinject/Swinject.git";
			requirement = {
				kind = upToNextMajorVersion;
				minimumVersion = 2.8.0;
			};
		};
		A177E51726D7EB13000C4179 /* XCRemoteSwiftPackageReference "RxSwift" */ = {
			isa = XCRemoteSwiftPackageReference;
			repositoryURL = "https://github.com/ReactiveX/RxSwift.git";
			requirement = {
				kind = upToNextMajorVersion;
				minimumVersion = 6.2.0;
			};
		};
		A177E52A26D81416000C4179 /* XCRemoteSwiftPackageReference "Kingfisher" */ = {
			isa = XCRemoteSwiftPackageReference;
			repositoryURL = "https://github.com/onevcat/Kingfisher.git";
			requirement = {
				kind = upToNextMajorVersion;
				minimumVersion = 6.3.1;
			};
		};
		A19D25F326D9322800B2CC6F /* XCRemoteSwiftPackageReference "couchbase-lite-ios" */ = {
			isa = XCRemoteSwiftPackageReference;
			repositoryURL = "https://github.com/couchbase/couchbase-lite-ios.git";
			requirement = {
				kind = upToNextMajorVersion;
				minimumVersion = 2.8.0;
			};
		};
/* End XCRemoteSwiftPackageReference section */

/* Begin XCSwiftPackageProductDependency section */
		A177E4E126D7A213000C4179 /* Alamofire */ = {
			isa = XCSwiftPackageProductDependency;
			package = A177E4E026D7A213000C4179 /* XCRemoteSwiftPackageReference "Alamofire" */;
			productName = Alamofire;
		};
		A177E50026D7C552000C4179 /* SnapKit */ = {
			isa = XCSwiftPackageProductDependency;
			package = A177E4FF26D7C552000C4179 /* XCRemoteSwiftPackageReference "SnapKit" */;
			productName = SnapKit;
		};
		A177E51026D7D27F000C4179 /* Swinject */ = {
			isa = XCSwiftPackageProductDependency;
			package = A177E50F26D7D27F000C4179 /* XCRemoteSwiftPackageReference "Swinject" */;
			productName = Swinject;
		};
		A177E51826D7EB13000C4179 /* RxCocoa */ = {
			isa = XCSwiftPackageProductDependency;
			package = A177E51726D7EB13000C4179 /* XCRemoteSwiftPackageReference "RxSwift" */;
			productName = RxCocoa;
		};
		A177E51A26D7EB13000C4179 /* RxSwift */ = {
			isa = XCSwiftPackageProductDependency;
			package = A177E51726D7EB13000C4179 /* XCRemoteSwiftPackageReference "RxSwift" */;
			productName = RxSwift;
		};
		A177E52B26D81416000C4179 /* Kingfisher */ = {
			isa = XCSwiftPackageProductDependency;
			package = A177E52A26D81416000C4179 /* XCRemoteSwiftPackageReference "Kingfisher" */;
			productName = Kingfisher;
		};
		A19D25F426D9322800B2CC6F /* CouchbaseLiteSwift */ = {
			isa = XCSwiftPackageProductDependency;
			package = A19D25F326D9322800B2CC6F /* XCRemoteSwiftPackageReference "couchbase-lite-ios" */;
			productName = CouchbaseLiteSwift;
		};
/* End XCSwiftPackageProductDependency section */
	};
	rootObject = A1EC98E226D74F7F0045CE42 /* Project object */;
}
